
Microsoft Visual Studio Solution File, Format Version 12.00
# Visual Studio Version 17
VisualStudioVersion = 17.5.33414.496
MinimumVisualStudioVersion = 10.0.40219.1
Project("{9A19103F-16F7-4668-BE54-9A1E7A4F7556}") = "cst8333ProjectByJacobPaulin", "cst8333ProjectByJacobPaulin.csproj", "{DD1F2AD7-1D24-4F2B-8F5C-2DFF89257D30}"
EndProject
Global
	GlobalSection(SolutionConfigurationPlatforms) = preSolution
		Debug|Any CPU = Debug|Any CPU
		Release|Any CPU = Release|Any CPU
	EndGlobalSection
	GlobalSection(ProjectConfigurationPlatforms) = postSolution
		{DD1F2AD7-1D24-4F2B-8F5C-2DFF89257D30}.Debug|Any CPU.ActiveCfg = Debug|Any CPU
		{DD1F2AD7-1D24-4F2B-8F5C-2DFF89257D30}.Debug|Any CPU.Build.0 = Debug|Any CPU
		{DD1F2AD7-1D24-4F2B-8F5C-2DFF89257D30}.Release|Any CPU.ActiveCfg = Release|Any CPU
		{DD1F2AD7-1D24-4F2B-8F5C-2DFF89257D30}.Release|Any CPU.Build.0 = Release|Any CPU
	EndGlobalSection
	GlobalSection(SolutionProperties) = preSolution
		HideSolutionNode = FALSE
	EndGlobalSection
	GlobalSection(ExtensibilityGlobals) = postSolution
		SolutionGuid = {11A98CD0-8698-48F1-A5B2-F89AD4C727F8}
	EndGlobalSection
EndGlobal
